Microsoft Visual Studio Solution File, Format Version 12.00
# Visual Studio Version 17
VisualStudioVersion = 17.0.31903.59
MinimumVisualStudioVersion = 10.0.40219.1
Project("{FAE04EC0-301F-11D3-BF4B-00C04F79EFBC}") = "YeniProje", "YeniProje\YeniProje.csproj", "{C04028DC-2A5B-4879-A515-FD1908A9F7BF}"
EndProject
Project("{FAE04EC0-301F-11D3-BF4B-00C04F79EFBC}") = "KutuphaneOtomasyonu", "YeniProje\HAFTA_14\KutuphaneOtomasyonu\KutuphaneOtomasyonu.csproj", "{ADB64107-BE44-49C6-A7D8-2732D4F661B8}"
EndProject
Global
	GlobalSection(SolutionConfigurationPlatforms) = preSolution
		Debug|Any CPU = Debug|Any CPU
		Release|Any CPU = Release|Any CPU
	EndGlobalSection
	GlobalSection(SolutionProperties) = preSolution
		HideSolutionNode = FALSE
	EndGlobalSection
	GlobalSection(ProjectConfigurationPlatforms) = postSolution
		{C04028DC-2A5B-4879-A515-FD1908A9F7BF}.Debug|Any CPU.ActiveCfg = Debug|Any CPU
		{C04028DC-2A5B-4879-A515-FD1908A9F7BF}.Debug|Any CPU.Build.0 = Debug|Any CPU
		{C04028DC-2A5B-4879-A515-FD1908A9F7BF}.Release|Any CPU.ActiveCfg = Release|Any CPU
		{C04028DC-2A5B-4879-A515-FD1908A9F7BF}.Release|Any CPU.Build.0 = Release|Any CPU
		{ADB64107-BE44-49C6-A7D8-2732D4F661B8}.Debug|Any CPU.ActiveCfg = Debug|Any CPU
		{ADB64107-BE44-49C6-A7D8-2732D4F661B8}.Debug|Any CPU.Build.0 = Debug|Any CPU
		{ADB64107-BE44-49C6-A7D8-2732D4F661B8}.Release|Any CPU.ActiveCfg = Release|Any CPU
		{ADB64107-BE44-49C6-A7D8-2732D4F661B8}.Release|Any CPU.Build.0 = Release|Any CPU
	EndGlobalSection
EndGlobal
